// !$*UTF8*$!
{
	archiveVersion = 1;
	classes = {
	};
	objectVersion = 48;
	objects = {

/* Begin PBXBuildFile section */
		0407AA2F2275BA0B004E37B6 /* svga.bundle in Resources */ = {isa = PBXBuildFile; fileRef = 0407AA2E2275BA0B004E37B6 /* svga.bundle */; };
		F5DA5E632057BB08000395F4 /* AppDelegate.m in Sources */ = {isa = PBXBuildFile; fileRef = F5DA5E622057BB08000395F4 /* AppDelegate.m */; };
		F5DA5E662057BB08000395F4 /* ViewController.m in Sources */ = {isa = PBXBuildFile; fileRef = F5DA5E652057BB08000395F4 /* ViewController.m */; };
		F5DA5E692057BB08000395F4 /* Main.storyboard in Resources */ = {isa = PBXBuildFile; fileRef = F5DA5E672057BB08000395F4 /* Main.storyboard */; };
		F5DA5E6B2057BB08000395F4 /* Assets.xcassets in Resources */ = {isa = PBXBuildFile; fileRef = F5DA5E6A2057BB08000395F4 /* Assets.xcassets */; };
		F5DA5E6E2057BB08000395F4 /* LaunchScreen.storyboard in Resources */ = {isa = PBXBuildFile; fileRef = F5DA5E6C2057BB08000395F4 /* LaunchScreen.storyboard */; };
		F5DA5E712057BB08000395F4 /* main.m in Sources */ = {isa = PBXBuildFile; fileRef = F5DA5E702057BB08000395F4 /* main.m */; };
		F5DA5F1D2057D8B6000395F4 /* data.json in Resources */ = {isa = PBXBuildFile; fileRef = F5DA5F1C2057D8B6000395F4 /* data.json */; };
		F5DA5F4420591633000395F4 /* JPGiftCellModel.m in Sources */ = {isa = PBXBuildFile; fileRef = F5DA5F3520591633000395F4 /* JPGiftCellModel.m */; };
		F5DA5F4520591633000395F4 /* JPGiftCollectionViewCell.m in Sources */ = {isa = PBXBuildFile; fileRef = F5DA5F3720591633000395F4 /* JPGiftCollectionViewCell.m */; };
		F5DA5F4620591633000395F4 /* JPGiftCountLabel.m in Sources */ = {isa = PBXBuildFile; fileRef = F5DA5F3920591633000395F4 /* JPGiftCountLabel.m */; };
		F5DA5F4720591633000395F4 /* JPGiftModel.m in Sources */ = {isa = PBXBuildFile; fileRef = F5DA5F3B20591633000395F4 /* JPGiftModel.m */; };
		F5DA5F4820591633000395F4 /* JPGiftOperation.m in Sources */ = {isa = PBXBuildFile; fileRef = F5DA5F3D20591633000395F4 /* JPGiftOperation.m */; };
		F5DA5F4920591633000395F4 /* JPGiftShowManager.m in Sources */ = {isa = PBXBuildFile; fileRef = F5DA5F3F20591633000395F4 /* JPGiftShowManager.m */; };
		F5DA5F4A20591633000395F4 /* JPGiftShowView.m in Sources */ = {isa = PBXBuildFile; fileRef = F5DA5F4120591633000395F4 /* JPGiftShowView.m */; };
		F5DA5F4B20591633000395F4 /* JPGiftView.m in Sources */ = {isa = PBXBuildFile; fileRef = F5DA5F4320591633000395F4 /* JPGiftView.m */; };
		F5DA5F4E205A0E9E000395F4 /* JPHorizontalLayout.m in Sources */ = {isa = PBXBuildFile; fileRef = F5DA5F4D205A0E9E000395F4 /* JPHorizontalLayout.m */; };
		F8D32A2D51BD33798372D4BE /* libPods-JPGiftManager.a in Frameworks */ = {isa = PBXBuildFile; fileRef = E883C7B8CE5ACF0223B17F5F /* libPods-JPGiftManager.a */; };
/* End PBXBuildFile section */

/* Begin PBXFileReference section */
		0407AA2E2275BA0B004E37B6 /* svga.bundle */ = {isa = PBXFileReference; lastKnownFileType = "wrapper.plug-in"; path = svga.bundle; sourceTree = "<group>"; };
		6A846B3761B27BAB899B80F4 /* Pods-JPGiftManager.debug.xcconfig */ = {isa = PBXFileReference; includeInIndex = 1; lastKnownFileType = text.xcconfig; name = "Pods-JPGiftManager.debug.xcconfig"; path = "Target Support Files/Pods-JPGiftManager/Pods-JPGiftManager.debug.xcconfig"; sourceTree = "<group>"; };
		C792D630BE3CDA031F5799F4 /* Pods-JPGiftManager.release.xcconfig */ = {isa = PBXFileReference; includeInIndex = 1; lastKnownFileType = text.xcconfig; name = "Pods-JPGiftManager.release.xcconfig"; path = "Target Support Files/Pods-JPGiftManager/Pods-JPGiftManager.release.xcconfig"; sourceTree = "<group>"; };
		E883C7B8CE5ACF0223B17F5F /* libPods-JPGiftManager.a */ = {isa = PBXFileReference; explicitFileType = archive.ar; includeInIndex = 0; path = "libPods-JPGiftManager.a"; sourceTree = BUILT_PRODUCTS_DIR; };
		F5DA5E5E2057BB08000395F4 /* JPGiftManager.app */ = {isa = PBXFileReference; explicitFileType = wrapper.application; includeInIndex = 0; path = JPGiftManager.app; sourceTree = BUILT_PRODUCTS_DIR; };
		F5DA5E612057BB08000395F4 /* AppDelegate.h */ = {isa = PBXFileReference; lastKnownFileType = sourcecode.c.h; path = AppDelegate.h; sourceTree = "<group>"; };
		F5DA5E622057BB08000395F4 /* AppDelegate.m */ = {isa = PBXFileReference; lastKnownFileType = sourcecode.c.objc; path = AppDelegate.m; sourceTree = "<group>"; };
		F5DA5E642057BB08000395F4 /* ViewController.h */ = {isa = PBXFileReference; lastKnownFileType = sourcecode.c.h; path = ViewController.h; sourceTree = "<group>"; };
		F5DA5E652057BB08000395F4 /* ViewController.m */ = {isa = PBXFileReference; lastKnownFileType = sourcecode.c.objc; path = ViewController.m; sourceTree = "<group>"; };
		F5DA5E682057BB08000395F4 /* Base */ = {isa = PBXFileReference; lastKnownFileType = file.storyboard; name = Base; path = Base.lproj/Main.storyboard; sourceTree = "<group>"; };
		F5DA5E6A2057BB08000395F4 /* Assets.xcassets */ = {isa = PBXFileReference; lastKnownFileType = folder.assetcatalog; path = Assets.xcassets; sourceTree = "<group>"; };
		F5DA5E6D2057BB08000395F4 /* Base */ = {isa = PBXFileReference; lastKnownFileType = file.storyboard; name = Base; path = Base.lproj/LaunchScreen.storyboard; sourceTree = "<group>"; };
		F5DA5E6F2057BB08000395F4 /* Info.plist */ = {isa = PBXFileReference; lastKnownFileType = text.plist.xml; path = Info.plist; sourceTree = "<group>"; };
		F5DA5E702057BB08000395F4 /* main.m */ = {isa = PBXFileReference; lastKnownFileType = sourcecode.c.objc; path = main.m; sourceTree = "<group>"; };
		F5DA5F1C2057D8B6000395F4 /* data.json */ = {isa = PBXFileReference; fileEncoding = 4; lastKnownFileType = text.json; path = data.json; sourceTree = "<group>"; };
		F5DA5F3420591633000395F4 /* JPGiftCellModel.h */ = {isa = PBXFileReference; fileEncoding = 4; lastKnownFileType = sourcecode.c.h; path = JPGiftCellModel.h; sourceTree = "<group>"; };
		F5DA5F3520591633000395F4 /* JPGiftCellModel.m */ = {isa = PBXFileReference; fileEncoding = 4; lastKnownFileType = sourcecode.c.objc; path = JPGiftCellModel.m; sourceTree = "<group>"; };
		F5DA5F3620591633000395F4 /* JPGiftCollectionViewCell.h */ = {isa = PBXFileReference; fileEncoding = 4; lastKnownFileType = sourcecode.c.h; path = JPGiftCollectionViewCell.h; sourceTree = "<group>"; };
		F5DA5F3720591633000395F4 /* JPGiftCollectionViewCell.m */ = {isa = PBXFileReference; fileEncoding = 4; lastKnownFileType = sourcecode.c.objc; path = JPGiftCollectionViewCell.m; sourceTree = "<group>"; };
		F5DA5F3820591633000395F4 /* JPGiftCountLabel.h */ = {isa = PBXFileReference; fileEncoding = 4; lastKnownFileType = sourcecode.c.h; path = JPGiftCountLabel.h; sourceTree = "<group>"; };
		F5DA5F3920591633000395F4 /* JPGiftCountLabel.m */ = {isa = PBXFileReference; fileEncoding = 4; lastKnownFileType = sourcecode.c.objc; path = JPGiftCountLabel.m; sourceTree = "<group>"; };
		F5DA5F3A20591633000395F4 /* JPGiftModel.h */ = {isa = PBXFileReference; fileEncoding = 4; lastKnownFileType = sourcecode.c.h; path = JPGiftModel.h; sourceTree = "<group>"; };
		F5DA5F3B20591633000395F4 /* JPGiftModel.m */ = {isa = PBXFileReference; fileEncoding = 4; lastKnownFileType = sourcecode.c.objc; path = JPGiftModel.m; sourceTree = "<group>"; };
		F5DA5F3C20591633000395F4 /* JPGiftOperation.h */ = {isa = PBXFileReference; fileEncoding = 4; lastKnownFileType = sourcecode.c.h; path = JPGiftOperation.h; sourceTree = "<group>"; };
		F5DA5F3D20591633000395F4 /* JPGiftOperation.m */ = {isa = PBXFileReference; fileEncoding = 4; lastKnownFileType = sourcecode.c.objc; path = JPGiftOperation.m; sourceTree = "<group>"; };
		F5DA5F3E20591633000395F4 /* JPGiftShowManager.h */ = {isa = PBXFileReference; fileEncoding = 4; lastKnownFileType = sourcecode.c.h; path = JPGiftShowManager.h; sourceTree = "<group>"; };
		F5DA5F3F20591633000395F4 /* JPGiftShowManager.m */ = {isa = PBXFileReference; fileEncoding = 4; lastKnownFileType = sourcecode.c.objc; path = JPGiftShowManager.m; sourceTree = "<group>"; };
		F5DA5F4020591633000395F4 /* JPGiftShowView.h */ = {isa = PBXFileReference; fileEncoding = 4; lastKnownFileType = sourcecode.c.h; path = JPGiftShowView.h; sourceTree = "<group>"; };
		F5DA5F4120591633000395F4 /* JPGiftShowView.m */ = {isa = PBXFileReference; fileEncoding = 4; lastKnownFileType = sourcecode.c.objc; path = JPGiftShowView.m; sourceTree = "<group>"; };
		F5DA5F4220591633000395F4 /* JPGiftView.h */ = {isa = PBXFileReference; fileEncoding = 4; lastKnownFileType = sourcecode.c.h; path = JPGiftView.h; sourceTree = "<group>"; };
		F5DA5F4320591633000395F4 /* JPGiftView.m */ = {isa = PBXFileReference; fileEncoding = 4; lastKnownFileType = sourcecode.c.objc; path = JPGiftView.m; sourceTree = "<group>"; };
		F5DA5F4C205A0E9E000395F4 /* JPHorizontalLayout.h */ = {isa = PBXFileReference; lastKnownFileType = sourcecode.c.h; path = JPHorizontalLayout.h; sourceTree = "<group>"; };
		F5DA5F4D205A0E9E000395F4 /* JPHorizontalLayout.m */ = {isa = PBXFileReference; lastKnownFileType = sourcecode.c.objc; path = JPHorizontalLayout.m; sourceTree = "<group>"; };
/* End PBXFileReference section */

/* Begin PBXFrameworksBuildPhase section */
		F5DA5E5B2057BB08000395F4 /* Frameworks */ = {
			isa = PBXFrameworksBuildPhase;
			buildActionMask = 2147483647;
			files = (
				F8D32A2D51BD33798372D4BE /* libPods-JPGiftManager.a in Frameworks */,
			);
			runOnlyForDeploymentPostprocessing = 0;
		};
/* End PBXFrameworksBuildPhase section */

/* Begin PBXGroup section */
		2FAD741FDF48A157A8F8A69F /* Pods */ = {
			isa = PBXGroup;
			children = (
				6A846B3761B27BAB899B80F4 /* Pods-JPGiftManager.debug.xcconfig */,
				C792D630BE3CDA031F5799F4 /* Pods-JPGiftManager.release.xcconfig */,
			);
			path = Pods;
			sourceTree = "<group>";
		};
		37F4F6DC249B640F05FF3C60 /* Frameworks */ = {
			isa = PBXGroup;
			children = (
				E883C7B8CE5ACF0223B17F5F /* libPods-JPGiftManager.a */,
			);
			name = Frameworks;
			sourceTree = "<group>";
		};
		F5DA5E552057BB08000395F4 = {
			isa = PBXGroup;
			children = (
				F5DA5E602057BB08000395F4 /* JPGiftManager */,
				F5DA5E5F2057BB08000395F4 /* Products */,
				2FAD741FDF48A157A8F8A69F /* Pods */,
				37F4F6DC249B640F05FF3C60 /* Frameworks */,
			);
			sourceTree = "<group>";
		};
		F5DA5E5F2057BB08000395F4 /* Products */ = {
			isa = PBXGroup;
			children = (
				F5DA5E5E2057BB08000395F4 /* JPGiftManager.app */,
			);
			name = Products;
			sourceTree = "<group>";
		};
		F5DA5E602057BB08000395F4 /* JPGiftManager */ = {
			isa = PBXGroup;
			children = (
				F5DA5F3320591633000395F4 /* JPGiftManager */,
				F5DA5E612057BB08000395F4 /* AppDelegate.h */,
				F5DA5E622057BB08000395F4 /* AppDelegate.m */,
				F5DA5E642057BB08000395F4 /* ViewController.h */,
				F5DA5E652057BB08000395F4 /* ViewController.m */,
				0407AA2E2275BA0B004E37B6 /* svga.bundle */,
				F5DA5F1C2057D8B6000395F4 /* data.json */,
				F5DA5E672057BB08000395F4 /* Main.storyboard */,
				F5DA5E6A2057BB08000395F4 /* Assets.xcassets */,
				F5DA5E6C2057BB08000395F4 /* LaunchScreen.storyboard */,
				F5DA5E6F2057BB08000395F4 /* Info.plist */,
				F5DA5E702057BB08000395F4 /* main.m */,
			);
			path = JPGiftManager;
			sourceTree = "<group>";
		};
		F5DA5F3320591633000395F4 /* JPGiftManager */ = {
			isa = PBXGroup;
			children = (
				F5DA5F3420591633000395F4 /* JPGiftCellModel.h */,
				F5DA5F3520591633000395F4 /* JPGiftCellModel.m */,
				F5DA5F3620591633000395F4 /* JPGiftCollectionViewCell.h */,
				F5DA5F3720591633000395F4 /* JPGiftCollectionViewCell.m */,
				F5DA5F3820591633000395F4 /* JPGiftCountLabel.h */,
				F5DA5F3920591633000395F4 /* JPGiftCountLabel.m */,
				F5DA5F3A20591633000395F4 /* JPGiftModel.h */,
				F5DA5F3B20591633000395F4 /* JPGiftModel.m */,
				F5DA5F3C20591633000395F4 /* JPGiftOperation.h */,
				F5DA5F3D20591633000395F4 /* JPGiftOperation.m */,
				F5DA5F3E20591633000395F4 /* JPGiftShowManager.h */,
				F5DA5F3F20591633000395F4 /* JPGiftShowManager.m */,
				F5DA5F4020591633000395F4 /* JPGiftShowView.h */,
				F5DA5F4120591633000395F4 /* JPGiftShowView.m */,
				F5DA5F4220591633000395F4 /* JPGiftView.h */,
				F5DA5F4320591633000395F4 /* JPGiftView.m */,
				F5DA5F4C205A0E9E000395F4 /* JPHorizontalLayout.h */,
				F5DA5F4D205A0E9E000395F4 /* JPHorizontalLayout.m */,
			);
			path = JPGiftManager;
			sourceTree = "<group>";
		};
/* End PBXGroup section */

/* Begin PBXNativeTarget section */
		F5DA5E5D2057BB08000395F4 /* JPGiftManager */ = {
			isa = PBXNativeTarget;
			buildConfigurationList = F5DA5E742057BB08000395F4 /* Build configuration list for PBXNativeTarget "JPGiftManager" */;
			buildPhases = (
				8D8687E047504B274ED9A14B /* [CP] Check Pods Manifest.lock */,
				F5DA5E5A2057BB08000395F4 /* Sources */,
				F5DA5E5B2057BB08000395F4 /* Frameworks */,
				F5DA5E5C2057BB08000395F4 /* Resources */,
			);
			buildRules = (
			);
			dependencies = (
			);
			name = JPGiftManager;
			productName = JPGiftManager;
			productReference = F5DA5E5E2057BB08000395F4 /* JPGiftManager.app */;
			productType = "com.apple.product-type.application";
		};
/* End PBXNativeTarget section */

/* Begin PBXProject section */
		F5DA5E562057BB08000395F4 /* Project object */ = {
			isa = PBXProject;
			attributes = {
				LastUpgradeCheck = 1020;
				ORGANIZATIONNAME = dong;
				TargetAttributes = {
					F5DA5E5D2057BB08000395F4 = {
						CreatedOnToolsVersion = 9.2;
						ProvisioningStyle = Automatic;
					};
				};
			};
			buildConfigurationList = F5DA5E592057BB08000395F4 /* Build configuration list for PBXProject "JPGiftManager" */;
			compatibilityVersion = "Xcode 8.0";
			developmentRegion = en;
			hasScannedForEncodings = 0;
			knownRegions = (
				en,
				Base,
			);
			mainGroup = F5DA5E552057BB08000395F4;
			productRefGroup = F5DA5E5F2057BB08000395F4 /* Products */;
			projectDirPath = "";
			projectRoot = "";
			targets = (
				F5DA5E5D2057BB08000395F4 /* JPGiftManager */,
			);
		};
/* End PBXProject section */

/* Begin PBXResourcesBuildPhase section */
		F5DA5E5C2057BB08000395F4 /* Resources */ = {
			isa = PBXResourcesBuildPhase;
			buildActionMask = 2147483647;
			files = (
				F5DA5E6E2057BB08000395F4 /* LaunchScreen.storyboard in Resources */,
				F5DA5F1D2057D8B6000395F4 /* data.json in Resources */,
				0407AA2F2275BA0B004E37B6 /* svga.bundle in Resources */,
				F5DA5E6B2057BB08000395F4 /* Assets.xcassets in Resources */,
				F5DA5E692057BB08000395F4 /* Main.storyboard in Resources */,
			);
			runOnlyForDeploymentPostprocessing = 0;
		};
/* End PBXResourcesBuildPhase section */

/* Begin PBXShellScriptBuildPhase section */
		8D8687E047504B274ED9A14B /* [CP] Check Pods Manifest.lock */ = {
			isa = PBXShellScriptBuildPhase;
			buildActionMask = 2147483647;
			files = (
			);
			inputFileListPaths = (
			);
			inputPaths = (
				"${PODS_PODFILE_DIR_PATH}/Podfile.lock",
				"${PODS_ROOT}/Manifest.lock",
			);
			name = "[CP] Check Pods Manifest.lock";
			outputFileListPaths = (
			);
			outputPaths = (
				"$(DERIVED_FILE_DIR)/Pods-JPGiftManager-checkManifestLockResult.txt",
			);
			runOnlyForDeploymentPostprocessing = 0;
			shellPath = /bin/sh;
			shellScript = "diff \"${PODS_PODFILE_DIR_PATH}/Podfile.lock\" \"${PODS_ROOT}/Manifest.lock\" > /dev/null\nif [ $? != 0 ] ; then\n    # print error to STDERR\n    echo \"error: The sandbox is not in sync with the Podfile.lock. Run 'pod install' or update your CocoaPods installation.\" >&2\n    exit 1\nfi\n# This output is used by Xcode 'outputs' to avoid re-running this script phase.\necho \"SUCCESS\" > \"${SCRIPT_OUTPUT_FILE_0}\"\n";
			showEnvVarsInLog = 0;
		};
/* End PBXShellScriptBuildPhase section */

/* Begin PBXSourcesBuildPhase section */
		F5DA5E5A2057BB08000395F4 /* Sources */ = {
			isa = PBXSourcesBuildPhase;
			buildActionMask = 2147483647;
			files = (
				F5DA5F4420591633000395F4 /* JPGiftCellModel.m in Sources */,
				F5DA5F4820591633000395F4 /* JPGiftOperation.m in Sources */,
				F5DA5F4A20591633000395F4 /* JPGiftShowView.m in Sources */,
				F5DA5F4E205A0E9E000395F4 /* JPHorizontalLayout.m in Sources */,
				F5DA5F4B20591633000395F4 /* JPGiftView.m in Sources */,
				F5DA5F4520591633000395F4 /* JPGiftCollectionViewCell.m in Sources */,
				F5DA5E662057BB08000395F4 /* ViewController.m in Sources */,
				F5DA5F4920591633000395F4 /* JPGiftShowManager.m in Sources */,
				F5DA5E712057BB08000395F4 /* main.m in Sources */,
				F5DA5F4620591633000395F4 /* JPGiftCountLabel.m in Sources */,
				F5DA5F4720591633000395F4 /* JPGiftModel.m in Sources */,
				F5DA5E632057BB08000395F4 /* AppDelegate.m in Sources */,
			);
			runOnlyForDeploymentPostprocessing = 0;
		};
/* End PBXSourcesBuildPhase section */

/* Begin PBXVariantGroup section */
		F5DA5E672057BB08000395F4 /* Main.storyboard */ = {
			isa = PBXVariantGroup;
			children = (
				F5DA5E682057BB08000395F4 /* Base */,
			);
			name = Main.storyboard;
			sourceTree = "<group>";
		};
		F5DA5E6C2057BB08000395F4 /* LaunchScreen.storyboard */ = {
			isa = PBXVariantGroup;
			children = (
				F5DA5E6D2057BB08000395F4 /* Base */,
			);
			name = LaunchScreen.storyboard;
			sourceTree = "<group>";
		};
/* End PBXVariantGroup section */

/* Begin XCBuildConfiguration section */
		F5DA5E722057BB08000395F4 /* Debug */ = {
			isa = XCBuildConfiguration;
			buildSettings = {
				ALWAYS_SEARCH_USER_PATHS = NO;
				CLANG_ANALYZER_NONNULL = YES;
				CLANG_ANALYZER_NUMBER_OBJECT_CONVERSION = YES_AGGRESSIVE;
				CLANG_CXX_LANGUAGE_STANDARD = "gnu++14";
				CLANG_CXX_LIBRARY = "libc++";
				CLANG_ENABLE_MODULES = YES;
				CLANG_ENABLE_OBJC_ARC = YES;
				CLANG_WARN_BLOCK_CAPTURE_AUTORELEASING = YES;
				CLANG_WARN_BOOL_CONVERSION = YES;
				CLANG_WARN_COMMA = YES;
				CLANG_WARN_CONSTANT_CONVERSION = YES;
				CLANG_WARN_DEPRECATED_OBJC_IMPLEMENTATIONS = YES;
				CLANG_WARN_DIRECT_OBJC_ISA_USAGE = YES_ERROR;
				CLANG_WARN_DOCUMENTATION_COMMENTS = YES;
				CLANG_WARN_EMPTY_BODY = YES;
				CLANG_WARN_ENUM_CONVERSION = YES;
				CLANG_WARN_INFINITE_RECURSION = YES;
				CLANG_WARN_INT_CONVERSION = YES;
				CLANG_WARN_NON_LITERAL_NULL_CONVERSION = YES;
				CLANG_WARN_OBJC_IMPLICIT_RETAIN_SELF = YES;
				CLANG_WARN_OBJC_LITERAL_CONVERSION = YES;
				CLANG_WARN_OBJC_ROOT_CLASS = YES_ERROR;
				CLANG_WARN_RANGE_LOOP_ANALYSIS = YES;
				CLANG_WARN_STRICT_PROTOTYPES = YES;
				CLANG_WARN_SUSPICIOUS_MOVE = YES;
				CLANG_WARN_UNGUARDED_AVAILABILITY = YES_AGGRESSIVE;
				CLANG_WARN_UNREACHABLE_CODE = YES;
				CLANG_WARN__DUPLICATE_METHOD_MATCH = YES;
				CODE_SIGN_IDENTITY = "iPhone Developer";
				COPY_PHASE_STRIP = NO;
				DEBUG_INFORMATION_FORMAT = dwarf;
				ENABLE_STRICT_OBJC_MSGSEND = YES;
				ENABLE_TESTABILITY = YES;
				GCC_C_LANGUAGE_STANDARD = gnu11;
				GCC_DYNAMIC_NO_PIC = NO;
				GCC_NO_COMMON_BLOCKS = YES;
				GCC_OPTIMIZATION_LEVEL = 0;
				GCC_PREPROCESSOR_DEFINITIONS = (
					"DEBUG=1",
					"$(inherited)",
				);
				GCC_WARN_64_TO_32_BIT_CONVERSION = YES;
				GCC_WARN_ABOUT_RETURN_TYPE = YES_ERROR;
				GCC_WARN_UNDECLARED_SELECTOR = YES;
				GCC_WARN_UNINITIALIZED_AUTOS = YES_AGGRESSIVE;
				GCC_WARN_UNUSED_FUNCTION = YES;
				GCC_WARN_UNUSED_VARIABLE = YES;
				IPHONEOS_DEPLOYMENT_TARGET = 9.0;
				MTL_ENABLE_DEBUG_INFO = YES;
				ONLY_ACTIVE_ARCH = YES;
				SDKROOT = iphoneos;
			};
			name = Debug;
		};
		F5DA5E732057BB08000395F4 /* Release */ = {
			isa = XCBuildConfiguration;
			buildSettings = {
				ALWAYS_SEARCH_USER_PATHS = NO;
				CLANG_ANALYZER_NONNULL = YES;
				CLANG_ANALYZER_NUMBER_OBJECT_CONVERSION = YES_AGGRESSIVE;
				CLANG_CXX_LANGUAGE_STANDARD = "gnu++14";
				CLANG_CXX_LIBRARY = "libc++";
				CLANG_ENABLE_MODULES = YES;
				CLANG_ENABLE_OBJC_ARC = YES;
				CLANG_WARN_BLOCK_CAPTURE_AUTORELEASING = YES;
				CLANG_WARN_BOOL_CONVERSION = YES;
				CLANG_WARN_COMMA = YES;
				CLANG_WARN_CONSTANT_CONVERSION = YES;
				CLANG_WARN_DEPRECATED_OBJC_IMPLEMENTATIONS = YES;
				CLANG_WARN_DIRECT_OBJC_ISA_USAGE = YES_ERROR;
				CLANG_WARN_DOCUMENTATION_COMMENTS = YES;
				CLANG_WARN_EMPTY_BODY = YES;
				CLANG_WARN_ENUM_CONVERSION = YES;
				CLANG_WARN_INFINITE_RECURSION = YES;
				CLANG_WARN_INT_CONVERSION = YES;
				CLANG_WARN_NON_LITERAL_NULL_CONVERSION = YES;
				CLANG_WARN_OBJC_IMPLICIT_RETAIN_SELF = YES;
				CLANG_WARN_OBJC_LITERAL_CONVERSION = YES;
				CLANG_WARN_OBJC_ROOT_CLASS = YES_ERROR;
				CLANG_WARN_RANGE_LOOP_ANALYSIS = YES;
				CLANG_WARN_STRICT_PROTOTYPES = YES;
				CLANG_WARN_SUSPICIOUS_MOVE = YES;
				CLANG_WARN_UNGUARDED_AVAILABILITY = YES_AGGRESSIVE;
				CLANG_WARN_UNREACHABLE_CODE = YES;
				CLANG_WARN__DUPLICATE_METHOD_MATCH = YES;
				CODE_SIGN_IDENTITY = "iPhone Developer";
				COPY_PHASE_STRIP = NO;
				DEBUG_INFORMATION_FORMAT = "dwarf-with-dsym";
				ENABLE_NS_ASSERTIONS = NO;
				ENABLE_STRICT_OBJC_MSGSEND = YES;
				GCC_C_LANGUAGE_STANDARD = gnu11;
				GCC_NO_COMMON_BLOCKS = YES;
				GCC_WARN_64_TO_32_BIT_CONVERSION = YES;
				GCC_WARN_ABOUT_RETURN_TYPE = YES_ERROR;
				GCC_WARN_UNDECLARED_SELECTOR = YES;
				GCC_WARN_UNINITIALIZED_AUTOS = YES_AGGRESSIVE;
				GCC_WARN_UNUSED_FUNCTION = YES;
				GCC_WARN_UNUSED_VARIABLE = YES;
				IPHONEOS_DEPLOYMENT_TARGET = 9.0;
				MTL_ENABLE_DEBUG_INFO = NO;
				SDKROOT = iphoneos;
				VALIDATE_PRODUCT = YES;
			};
			name = Release;
		};
		F5DA5E752057BB08000395F4 /* Debug */ = {
			isa = XCBuildConfiguration;
			baseConfigurationReference = 6A846B3761B27BAB899B80F4 /* Pods-JPGiftManager.debug.xcconfig */;
			buildSettings = {
				ASSETCATALOG_COMPILER_APPICON_NAME = AppIcon;
				CODE_SIGN_STYLE = Automatic;
				DEVELOPMENT_TEAM = 6HN87S446F;
				INFOPLIST_FILE = JPGiftManager/Info.plist;
				IPHONEOS_DEPLOYMENT_TARGET = 9.0;
				LD_RUNPATH_SEARCH_PATHS = "$(inherited) @executable_path/Frameworks";
				PRODUCT_BUNDLE_IDENTIFIER = cn.djp.JPGiftManager;
				PRODUCT_NAME = "$(TARGET_NAME)";
				TARGETED_DEVICE_FAMILY = "1,2";
			};
			name = Debug;
		};
		F5DA5E762057BB08000395F4 /* Release */ = {
			isa = XCBuildConfiguration;
			baseConfigurationReference = C792D630BE3CDA031F5799F4 /* Pods-JPGiftManager.release.xcconfig */;
			buildSettings = {
				ASSETCATALOG_COMPILER_APPICON_NAME = AppIcon;
				CODE_SIGN_STYLE = Automatic;
				DEVELOPMENT_TEAM = 6HN87S446F;
				INFOPLIST_FILE = JPGiftManager/Info.plist;
				IPHONEOS_DEPLOYMENT_TARGET = 9.0;
				LD_RUNPATH_SEARCH_PATHS = "$(inherited) @executable_path/Frameworks";
				PRODUCT_BUNDLE_IDENTIFIER = cn.djp.JPGiftManager;
				PRODUCT_NAME = "$(TARGET_NAME)";
				TARGETED_DEVICE_FAMILY = "1,2";
			};
			name = Release;
		};
/* End XCBuildConfiguration section */

/* Begin XCConfigurationList section */
		F5DA5E592057BB08000395F4 /* Build configuration list for PBXProject "JPGiftManager" */ = {
			isa = XCConfigurationList;
			buildConfigurations = (
				F5DA5E722057BB08000395F4 /* Debug */,
				F5DA5E732057BB08000395F4 /* Release */,
			);
			defaultConfigurationIsVisible = 0;
			defaultConfigurationName = Release;
		};
		F5DA5E742057BB08000395F4 /* Build configuration list for PBXNativeTarget "JPGiftManager" */ = {
			isa = XCConfigurationList;
			buildConfigurations = (
				F5DA5E752057BB08000395F4 /* Debug */,
				F5DA5E762057BB08000395F4 /* Release */,
			);
			defaultConfigurationIsVisible = 0;
			defaultConfigurationName = Release;
		};
/* End XCConfigurationList section */
	};
	rootObject = F5DA5E562057BB08000395F4 /* Project object */;
}
